
Microsoft Visual Studio Solution File, Format Version 12.00
# Visual Studio Version 16
VisualStudioVersion = 16.0.29911.84
MinimumVisualStudioVersion = 10.0.40219.1
Project("{888888A0-9F3D-457C-B088-3A5042F75D52}") = "FlaskWebProject1", "FlaskWebProject1\FlaskWebProject1.pyproj", "{F31FD67F-C69C-4B3D-BF1A-1CF4E54E173C}"
EndProject
Global
	GlobalSection(SolutionConfigurationPlatforms) = preSolution
		Debug|Any CPU = Debug|Any CPU
		Release|Any CPU = Release|Any CPU
	EndGlobalSection
	GlobalSection(ProjectConfigurationPlatforms) = postSolution
		{F31FD67F-C69C-4B3D-BF1A-1CF4E54E173C}.Debug|Any CPU.ActiveCfg = Debug|Any CPU
		{F31FD67F-C69C-4B3D-BF1A-1CF4E54E173C}.Debug|Any CPU.Build.0 = Debug|Any CPU
		{F31FD67F-C69C-4B3D-BF1A-1CF4E54E173C}.Release|Any CPU.ActiveCfg = Release|Any CPU
		{F31FD67F-C69C-4B3D-BF1A-1CF4E54E173C}.Release|Any CPU.Build.0 = Release|Any CPU
	EndGlobalSection
	GlobalSection(SolutionProperties) = preSolution
		HideSolutionNode = FALSE
	EndGlobalSection
	GlobalSection(ExtensibilityGlobals) = postSolution
		SolutionGuid = {C481EC24-2DE9-409D-810D-B07B4721B3C0}
	EndGlobalSection
EndGlobal
